
Microsoft Visual Studio Solution File, Format Version 12.00
# Visual Studio Version 17
VisualStudioVersion = 17.1.32328.378
MinimumVisualStudioVersion = 10.0.40219.1
Project("{FAE04EC0-301F-11D3-BF4B-00C04F79EFBC}") = "EC.V1", "EC.V1\EC.V1.csproj", "{1A501C36-C207-4FD2-82AC-D1FC45C6D18B}"
EndProject
Project("{FAE04EC0-301F-11D3-BF4B-00C04F79EFBC}") = "Data", "Data\Data.csproj", "{5C4E9CD7-DAD2-45F7-A220-EDCAA27CC626}"
EndProject
Global
	GlobalSection(SolutionConfigurationPlatforms) = preSolution
		Debug|Any CPU = Debug|Any CPU
		Release|Any CPU = Release|Any CPU
	EndGlobalSection
	GlobalSection(ProjectConfigurationPlatforms) = postSolution
		{1A501C36-C207-4FD2-82AC-D1FC45C6D18B}.Debug|Any CPU.ActiveCfg = Debug|Any CPU
		{1A501C36-C207-4FD2-82AC-D1FC45C6D18B}.Debug|Any CPU.Build.0 = Debug|Any CPU
		{1A501C36-C207-4FD2-82AC-D1FC45C6D18B}.Release|Any CPU.ActiveCfg = Release|Any CPU
		{1A501C36-C207-4FD2-82AC-D1FC45C6D18B}.Release|Any CPU.Build.0 = Release|Any CPU
		{5C4E9CD7-DAD2-45F7-A220-EDCAA27CC626}.Debug|Any CPU.ActiveCfg = Debug|Any CPU
		{5C4E9CD7-DAD2-45F7-A220-EDCAA27CC626}.Debug|Any CPU.Build.0 = Debug|Any CPU
		{5C4E9CD7-DAD2-45F7-A220-EDCAA27CC626}.Release|Any CPU.ActiveCfg = Release|Any CPU
		{5C4E9CD7-DAD2-45F7-A220-EDCAA27CC626}.Release|Any CPU.Build.0 = Release|Any CPU
	EndGlobalSection
	GlobalSection(SolutionProperties) = preSolution
		HideSolutionNode = FALSE
	EndGlobalSection
	GlobalSection(ExtensibilityGlobals) = postSolution
		SolutionGuid = {A275DE94-7679-488C-BFDE-B95D896CD74F}
	EndGlobalSection
EndGlobal
